PODS:
  - Berbix (3.0.4)
  - berbix_flutter (0.0.1):
    - Berbix (= 3.0.4)
    - Flutter
  - Flutter (1.0.0)

DEPENDENCIES:
  - berbix_flutter (from `.symlinks/plugins/berbix_flutter/ios`)
  - Flutter (from `Flutter`)

SPEC REPOS:
  "git@github.com:berbix/berbix-ios-spec.git":
    - Berbix

EXTERNAL SOURCES:
  berbix_flutter:
    :path: ".symlinks/plugins/berbix_flutter/ios"
  Flutter:
    :path: Flutter

SPEC CHECKSUMS:
  Berbix: 996fe0d780d7329162f61511ceaae73f04542323
  berbix_flutter: 7a299d2430f2193ea90d933a3103f62f26a8ba56
  Flutter: 50d75fe2f02b26cc09d224853bb45737f8b3214a

PODFILE CHECKSUM: d544e4b23da89d0c382705c093bc2b4beeea7c26

COCOAPODS: 1.11.2
