PODS:
  - Berbix (3.1.0):
    - BerbixAdvanced (= 0.2.0)
  - berbix_flutter (0.0.1):
    - Berbix (= 3.1.0)
    - Flutter
  - BerbixAdvanced (0.2.0)
  - Flutter (1.0.0)

DEPENDENCIES:
  - berbix_flutter (from `.symlinks/plugins/berbix_flutter/ios`)
  - Flutter (from `Flutter`)

SPEC REPOS:
  https://github.com/berbix/berbix-ios-spec.git:
    - Berbix
    - BerbixAdvanced

EXTERNAL SOURCES:
  berbix_flutter:
    :path: ".symlinks/plugins/berbix_flutter/ios"
  Flutter:
    :path: Flutter

SPEC CHECKSUMS:
  Berbix: 4437194569af94e5b569cb84b3d8799daf80a221
  berbix_flutter: 500872719b5d4ba732013316ee9608e0a86d7856
  BerbixAdvanced: dd2c799d913ae4e11a854e6713febc38b3493129
  Flutter: 50d75fe2f02b26cc09d224853bb45737f8b3214a

PODFILE CHECKSUM: 57479a36b192c00507d827024192d52110c858a1

COCOAPODS: 1.11.3
